// !$*UTF8*$!
{
	archiveVersion = 1;
	classes = {
	};
	objectVersion = 50;
	objects = {

/* Begin PBXBuildFile section */
		232092BC21E772B600EBC3A1 /* AppDelegate.swift in Sources */ = {isa = PBXBuildFile; fileRef = 232092BB21E772B600EBC3A1 /* AppDelegate.swift */; };
		232092C121E772B600EBC3A1 /* Main.storyboard in Resources */ = {isa = PBXBuildFile; fileRef = 232092BF21E772B600EBC3A1 /* Main.storyboard */; };
		232092C321E772B900EBC3A1 /* Assets.xcassets in Resources */ = {isa = PBXBuildFile; fileRef = 232092C221E772B900EBC3A1 /* Assets.xcassets */; };
		232092C621E772B900EBC3A1 /* LaunchScreen.storyboard in Resources */ = {isa = PBXBuildFile; fileRef = 232092C421E772B900EBC3A1 /* LaunchScreen.storyboard */; };
		232092D121E772B900EBC3A1 /* MVVM_Demo_CoursesTests.swift in Sources */ = {isa = PBXBuildFile; fileRef = 232092D021E772B900EBC3A1 /* MVVM_Demo_CoursesTests.swift */; };
		232092DC21E772B900EBC3A1 /* MVVM_Demo_CoursesUITests.swift in Sources */ = {isa = PBXBuildFile; fileRef = 232092DB21E772B900EBC3A1 /* MVVM_Demo_CoursesUITests.swift */; };
		232092EE21E775AC00EBC3A1 /* CoursesViewModel.swift in Sources */ = {isa = PBXBuildFile; fileRef = 232092ED21E775AC00EBC3A1 /* CoursesViewModel.swift */; };
		232092F021E776F700EBC3A1 /* CoursesTableViewController.swift in Sources */ = {isa = PBXBuildFile; fileRef = 232092EF21E776F700EBC3A1 /* CoursesTableViewController.swift */; };
		232092F221E7838800EBC3A1 /* CourseTableViewCell.swift in Sources */ = {isa = PBXBuildFile; fileRef = 232092F121E7838800EBC3A1 /* CourseTableViewCell.swift */; };
		232092F621E7849000EBC3A1 /* Institute.swift in Sources */ = {isa = PBXBuildFile; fileRef = 232092F521E7849000EBC3A1 /* Institute.swift */; };
		232092F821E7884700EBC3A1 /* CourseViewModel.swift in Sources */ = {isa = PBXBuildFile; fileRef = 232092F721E7884700EBC3A1 /* CourseViewModel.swift */; };
/* End PBXBuildFile section */

/* Begin PBXContainerItemProxy section */
		232092CD21E772B900EBC3A1 /* PBXContainerItemProxy */ = {
			isa = PBXContainerItemProxy;
			containerPortal = 232092B021E772B600EBC3A1 /* Project object */;
			proxyType = 1;
			remoteGlobalIDString = 232092B721E772B600EBC3A1;
			remoteInfo = "MVVM Demo Courses";
		};
		232092D821E772B900EBC3A1 /* PBXContainerItemProxy */ = {
			isa = PBXContainerItemProxy;
			containerPortal = 232092B021E772B600EBC3A1 /* Project object */;
			proxyType = 1;
			remoteGlobalIDString = 232092B721E772B600EBC3A1;
			remoteInfo = "MVVM Demo Courses";
		};
/* End PBXContainerItemProxy section */

/* Begin PBXFileReference section */
		232092B821E772B600EBC3A1 /* MVVM Demo Courses.app */ = {isa = PBXFileReference; explicitFileType = wrapper.application; includeInIndex = 0; path = "MVVM Demo Courses.app"; sourceTree = BUILT_PRODUCTS_DIR; };
		232092BB21E772B600EBC3A1 /* AppDelegate.swift */ = {isa = PBXFileReference; lastKnownFileType = sourcecode.swift; path = AppDelegate.swift; sourceTree = "<group>"; };
		232092C021E772B600EBC3A1 /* Base */ = {isa = PBXFileReference; lastKnownFileType = file.storyboard; name = Base; path = Base.lproj/Main.storyboard; sourceTree = "<group>"; };
		232092C221E772B900EBC3A1 /* Assets.xcassets */ = {isa = PBXFileReference; lastKnownFileType = folder.assetcatalog; path = Assets.xcassets; sourceTree = "<group>"; };
		232092C521E772B900EBC3A1 /* Base */ = {isa = PBXFileReference; lastKnownFileType = file.storyboard; name = Base; path = Base.lproj/LaunchScreen.storyboard; sourceTree = "<group>"; };
		232092C721E772B900EBC3A1 /* Info.plist */ = {isa = PBXFileReference; lastKnownFileType = text.plist.xml; path = Info.plist; sourceTree = "<group>"; };
		232092CC21E772B900EBC3A1 /* MVVM Demo CoursesTests.xctest */ = {isa = PBXFileReference; explicitFileType = wrapper.cfbundle; includeInIndex = 0; path = "MVVM Demo CoursesTests.xctest"; sourceTree = BUILT_PRODUCTS_DIR; };
		232092D021E772B900EBC3A1 /* MVVM_Demo_CoursesTests.swift */ = {isa = PBXFileReference; lastKnownFileType = sourcecode.swift; path = MVVM_Demo_CoursesTests.swift; sourceTree = "<group>"; };
		232092D221E772B900EBC3A1 /* Info.plist */ = {isa = PBXFileReference; lastKnownFileType = text.plist.xml; path = Info.plist; sourceTree = "<group>"; };
		232092D721E772B900EBC3A1 /* MVVM Demo CoursesUITests.xctest */ = {isa = PBXFileReference; explicitFileType = wrapper.cfbundle; includeInIndex = 0; path = "MVVM Demo CoursesUITests.xctest"; sourceTree = BUILT_PRODUCTS_DIR; };
		232092DB21E772B900EBC3A1 /* MVVM_Demo_CoursesUITests.swift */ = {isa = PBXFileReference; lastKnownFileType = sourcecode.swift; path = MVVM_Demo_CoursesUITests.swift; sourceTree = "<group>"; };
		232092DD21E772B900EBC3A1 /* Info.plist */ = {isa = PBXFileReference; lastKnownFileType = text.plist.xml; path = Info.plist; sourceTree = "<group>"; };
		232092ED21E775AC00EBC3A1 /* CoursesViewModel.swift */ = {isa = PBXFileReference; lastKnownFileType = sourcecode.swift; path = CoursesViewModel.swift; sourceTree = "<group>"; };
		232092EF21E776F700EBC3A1 /* CoursesTableViewController.swift */ = {isa = PBXFileReference; lastKnownFileType = sourcecode.swift; path = CoursesTableViewController.swift; sourceTree = "<group>"; };
		232092F121E7838800EBC3A1 /* CourseTableViewCell.swift */ = {isa = PBXFileReference; lastKnownFileType = sourcecode.swift; path = CourseTableViewCell.swift; sourceTree = "<group>"; };
		232092F521E7849000EBC3A1 /* Institute.swift */ = {isa = PBXFileReference; lastKnownFileType = sourcecode.swift; path = Institute.swift; sourceTree = "<group>"; };
		232092F721E7884700EBC3A1 /* CourseViewModel.swift */ = {isa = PBXFileReference; lastKnownFileType = sourcecode.swift; path = CourseViewModel.swift; sourceTree = "<group>"; };
/* End PBXFileReference section */

/* Begin PBXFrameworksBuildPhase section */
		232092B521E772B600EBC3A1 /* Frameworks */ = {
			isa = PBXFrameworksBuildPhase;
			buildActionMask = 2147483647;
			files = (
			);
			runOnlyForDeploymentPostprocessing = 0;
		};
		232092C921E772B900EBC3A1 /* Frameworks */ = {
			isa = PBXFrameworksBuildPhase;
			buildActionMask = 2147483647;
			files = (
			);
			runOnlyForDeploymentPostprocessing = 0;
		};
		232092D421E772B900EBC3A1 /* Frameworks */ = {
			isa = PBXFrameworksBuildPhase;
			buildActionMask = 2147483647;
			files = (
			);
			runOnlyForDeploymentPostprocessing = 0;
		};
/* End PBXFrameworksBuildPhase section */

/* Begin PBXGroup section */
		232092AF21E772B600EBC3A1 = {
			isa = PBXGroup;
			children = (
				232092BA21E772B600EBC3A1 /* MVVM Demo Courses */,
				232092CF21E772B900EBC3A1 /* MVVM Demo CoursesTests */,
				232092DA21E772B900EBC3A1 /* MVVM Demo CoursesUITests */,
				232092B921E772B600EBC3A1 /* Products */,
			);
			sourceTree = "<group>";
		};
		232092B921E772B600EBC3A1 /* Products */ = {
			isa = PBXGroup;
			children = (
				232092B821E772B600EBC3A1 /* MVVM Demo Courses.app */,
				232092CC21E772B900EBC3A1 /* MVVM Demo CoursesTests.xctest */,
				232092D721E772B900EBC3A1 /* MVVM Demo CoursesUITests.xctest */,
			);
			name = Products;
			sourceTree = "<group>";
		};
		232092BA21E772B600EBC3A1 /* MVVM Demo Courses */ = {
			isa = PBXGroup;
			children = (
				232092BB21E772B600EBC3A1 /* AppDelegate.swift */,
				232092C221E772B900EBC3A1 /* Assets.xcassets */,
				232092C421E772B900EBC3A1 /* LaunchScreen.storyboard */,
				232092C721E772B900EBC3A1 /* Info.plist */,
				232092EC21E7734B00EBC3A1 /* View Models */,
				232092EA21E7732E00EBC3A1 /* Views */,
				232092E921E7731800EBC3A1 /* Models */,
			);
			path = "MVVM Demo Courses";
			sourceTree = "<group>";
		};
		232092CF21E772B900EBC3A1 /* MVVM Demo CoursesTests */ = {
			isa = PBXGroup;
			children = (
				232092D021E772B900EBC3A1 /* MVVM_Demo_CoursesTests.swift */,
				232092D221E772B900EBC3A1 /* Info.plist */,
			);
			path = "MVVM Demo CoursesTests";
			sourceTree = "<group>";
		};
		232092DA21E772B900EBC3A1 /* MVVM Demo CoursesUITests */ = {
			isa = PBXGroup;
			children = (
				232092DB21E772B900EBC3A1 /* MVVM_Demo_CoursesUITests.swift */,
				232092DD21E772B900EBC3A1 /* Info.plist */,
			);
			path = "MVVM Demo CoursesUITests";
			sourceTree = "<group>";
		};
		232092E921E7731800EBC3A1 /* Models */ = {
			isa = PBXGroup;
			children = (
				232092F521E7849000EBC3A1 /* Institute.swift */,
			);
			path = Models;
			sourceTree = "<group>";
		};
		232092EA21E7732E00EBC3A1 /* Views */ = {
			isa = PBXGroup;
			children = (
				232092BF21E772B600EBC3A1 /* Main.storyboard */,
				232092EF21E776F700EBC3A1 /* CoursesTableViewController.swift */,
				232092F121E7838800EBC3A1 /* CourseTableViewCell.swift */,
			);
			path = Views;
			sourceTree = "<group>";
		};
		232092EC21E7734B00EBC3A1 /* View Models */ = {
			isa = PBXGroup;
			children = (
				232092ED21E775AC00EBC3A1 /* CoursesViewModel.swift */,
				232092F721E7884700EBC3A1 /* CourseViewModel.swift */,
			);
			path = "View Models";
			sourceTree = "<group>";
		};
/* End PBXGroup section */

/* Begin PBXNativeTarget section */
		232092B721E772B600EBC3A1 /* MVVM Demo Courses */ = {
			isa = PBXNativeTarget;
			buildConfigurationList = 232092E021E772B900EBC3A1 /* Build configuration list for PBXNativeTarget "MVVM Demo Courses" */;
			buildPhases = (
				232092B421E772B600EBC3A1 /* Sources */,
				232092B521E772B600EBC3A1 /* Frameworks */,
				232092B621E772B600EBC3A1 /* Resources */,
			);
			buildRules = (
			);
			dependencies = (
			);
			name = "MVVM Demo Courses";
			productName = "MVVM Demo Courses";
			productReference = 232092B821E772B600EBC3A1 /* MVVM Demo Courses.app */;
			productType = "com.apple.product-type.application";
		};
		232092CB21E772B900EBC3A1 /* MVVM Demo CoursesTests */ = {
			isa = PBXNativeTarget;
			buildConfigurationList = 232092E321E772B900EBC3A1 /* Build configuration list for PBXNativeTarget "MVVM Demo CoursesTests" */;
			buildPhases = (
				232092C821E772B900EBC3A1 /* Sources */,
				232092C921E772B900EBC3A1 /* Frameworks */,
				232092CA21E772B900EBC3A1 /* Resources */,
			);
			buildRules = (
			);
			dependencies = (
				232092CE21E772B900EBC3A1 /* PBXTargetDependency */,
			);
			name = "MVVM Demo CoursesTests";
			productName = "MVVM Demo CoursesTests";
			productReference = 232092CC21E772B900EBC3A1 /* MVVM Demo CoursesTests.xctest */;
			productType = "com.apple.product-type.bundle.unit-test";
		};
		232092D621E772B900EBC3A1 /* MVVM Demo CoursesUITests */ = {
			isa = PBXNativeTarget;
			buildConfigurationList = 232092E621E772B900EBC3A1 /* Build configuration list for PBXNativeTarget "MVVM Demo CoursesUITests" */;
			buildPhases = (
				232092D321E772B900EBC3A1 /* Sources */,
				232092D421E772B900EBC3A1 /* Frameworks */,
				232092D521E772B900EBC3A1 /* Resources */,
			);
			buildRules = (
			);
			dependencies = (
				232092D921E772B900EBC3A1 /* PBXTargetDependency */,
			);
			name = "MVVM Demo CoursesUITests";
			productName = "MVVM Demo CoursesUITests";
			productReference = 232092D721E772B900EBC3A1 /* MVVM Demo CoursesUITests.xctest */;
			productType = "com.apple.product-type.bundle.ui-testing";
		};
/* End PBXNativeTarget section */

/* Begin PBXProject section */
		232092B021E772B600EBC3A1 /* Project object */ = {
			isa = PBXProject;
			attributes = {
				LastSwiftUpdateCheck = 1000;
				LastUpgradeCheck = 1000;
				ORGANIZATIONNAME = "Jitendra Patil";
				TargetAttributes = {
					232092B721E772B600EBC3A1 = {
						CreatedOnToolsVersion = 10.0;
					};
					232092CB21E772B900EBC3A1 = {
						CreatedOnToolsVersion = 10.0;
						TestTargetID = 232092B721E772B600EBC3A1;
					};
					232092D621E772B900EBC3A1 = {
						CreatedOnToolsVersion = 10.0;
						TestTargetID = 232092B721E772B600EBC3A1;
					};
				};
			};
			buildConfigurationList = 232092B321E772B600EBC3A1 /* Build configuration list for PBXProject "MVVM Demo Courses" */;
			compatibilityVersion = "Xcode 9.3";
			developmentRegion = en;
			hasScannedForEncodings = 0;
			knownRegions = (
				en,
				Base,
			);
			mainGroup = 232092AF21E772B600EBC3A1;
			productRefGroup = 232092B921E772B600EBC3A1 /* Products */;
			projectDirPath = "";
			projectRoot = "";
			targets = (
				232092B721E772B600EBC3A1 /* MVVM Demo Courses */,
				232092CB21E772B900EBC3A1 /* MVVM Demo CoursesTests */,
				232092D621E772B900EBC3A1 /* MVVM Demo CoursesUITests */,
			);
		};
/* End PBXProject section */

/* Begin PBXResourcesBuildPhase section */
		232092B621E772B600EBC3A1 /* Resources */ = {
			isa = PBXResourcesBuildPhase;
			buildActionMask = 2147483647;
			files = (
				232092C621E772B900EBC3A1 /* LaunchScreen.storyboard in Resources */,
				232092C321E772B900EBC3A1 /* Assets.xcassets in Resources */,
				232092C121E772B600EBC3A1 /* Main.storyboard in Resources */,
			);
			runOnlyForDeploymentPostprocessing = 0;
		};
		232092CA21E772B900EBC3A1 /* Resources */ = {
			isa = PBXResourcesBuildPhase;
			buildActionMask = 2147483647;
			files = (
			);
			runOnlyForDeploymentPostprocessing = 0;
		};
		232092D521E772B900EBC3A1 /* Resources */ = {
			isa = PBXResourcesBuildPhase;
			buildActionMask = 2147483647;
			files = (
			);
			runOnlyForDeploymentPostprocessing = 0;
		};
/* End PBXResourcesBuildPhase section */

/* Begin PBXSourcesBuildPhase section */
		232092B421E772B600EBC3A1 /* Sources */ = {
			isa = PBXSourcesBuildPhase;
			buildActionMask = 2147483647;
			files = (
				232092F621E7849000EBC3A1 /* Institute.swift in Sources */,
				232092F221E7838800EBC3A1 /* CourseTableViewCell.swift in Sources */,
				232092BC21E772B600EBC3A1 /* AppDelegate.swift in Sources */,
				232092F821E7884700EBC3A1 /* CourseViewModel.swift in Sources */,
				232092F021E776F700EBC3A1 /* CoursesTableViewController.swift in Sources */,
				232092EE21E775AC00EBC3A1 /* CoursesViewModel.swift in Sources */,
			);
			runOnlyForDeploymentPostprocessing = 0;
		};
		232092C821E772B900EBC3A1 /* Sources */ = {
			isa = PBXSourcesBuildPhase;
			buildActionMask = 2147483647;
			files = (
				232092D121E772B900EBC3A1 /* MVVM_Demo_CoursesTests.swift in Sources */,
			);
			runOnlyForDeploymentPostprocessing = 0;
		};
		232092D321E772B900EBC3A1 /* Sources */ = {
			isa = PBXSourcesBuildPhase;
			buildActionMask = 2147483647;
			files = (
				232092DC21E772B900EBC3A1 /* MVVM_Demo_CoursesUITests.swift in Sources */,
			);
			runOnlyForDeploymentPostprocessing = 0;
		};
/* End PBXSourcesBuildPhase section */

/* Begin PBXTargetDependency section */
		232092CE21E772B900EBC3A1 /* PBXTargetDependency */ = {
			isa = PBXTargetDependency;
			target = 232092B721E772B600EBC3A1 /* MVVM Demo Courses */;
			targetProxy = 232092CD21E772B900EBC3A1 /* PBXContainerItemProxy */;
		};
		232092D921E772B900EBC3A1 /* PBXTargetDependency */ = {
			isa = PBXTargetDependency;
			target = 232092B721E772B600EBC3A1 /* MVVM Demo Courses */;
			targetProxy = 232092D821E772B900EBC3A1 /* PBXContainerItemProxy */;
		};
/* End PBXTargetDependency section */

/* Begin PBXVariantGroup section */
		232092BF21E772B600EBC3A1 /* Main.storyboard */ = {
			isa = PBXVariantGroup;
			children = (
				232092C021E772B600EBC3A1 /* Base */,
			);
			name = Main.storyboard;
			sourceTree = "<group>";
		};
		232092C421E772B900EBC3A1 /* LaunchScreen.storyboard */ = {
			isa = PBXVariantGroup;
			children = (
				232092C521E772B900EBC3A1 /* Base */,
			);
			name = LaunchScreen.storyboard;
			sourceTree = "<group>";
		};
/* End PBXVariantGroup section */

/* Begin XCBuildConfiguration section */
		232092DE21E772B900EBC3A1 /* Debug */ = {
			isa = XCBuildConfiguration;
			buildSettings = {
				ALWAYS_SEARCH_USER_PATHS = NO;
				CLANG_ANALYZER_NONNULL = YES;
				CLANG_ANALYZER_NUMBER_OBJECT_CONVERSION = YES_AGGRESSIVE;
				CLANG_CXX_LANGUAGE_STANDARD = "gnu++14";
				CLANG_CXX_LIBRARY = "libc++";
				CLANG_ENABLE_MODULES = YES;
				CLANG_ENABLE_OBJC_ARC = YES;
				CLANG_ENABLE_OBJC_WEAK = YES;
				CLANG_WARN_BLOCK_CAPTURE_AUTORELEASING = YES;
				CLANG_WARN_BOOL_CONVERSION = YES;
				CLANG_WARN_COMMA = YES;
				CLANG_WARN_CONSTANT_CONVERSION = YES;
				CLANG_WARN_DEPRECATED_OBJC_IMPLEMENTATIONS = YES;
				CLANG_WARN_DIRECT_OBJC_ISA_USAGE = YES_ERROR;
				CLANG_WARN_DOCUMENTATION_COMMENTS = YES;
				CLANG_WARN_EMPTY_BODY = YES;
				CLANG_WARN_ENUM_CONVERSION = YES;
				CLANG_WARN_INFINITE_RECURSION = YES;
				CLANG_WARN_INT_CONVERSION = YES;
				CLANG_WARN_NON_LITERAL_NULL_CONVERSION = YES;
				CLANG_WARN_OBJC_IMPLICIT_RETAIN_SELF = YES;
				CLANG_WARN_OBJC_LITERAL_CONVERSION = YES;
				CLANG_WARN_OBJC_ROOT_CLASS = YES_ERROR;
				CLANG_WARN_RANGE_LOOP_ANALYSIS = YES;
				CLANG_WARN_STRICT_PROTOTYPES = YES;
				CLANG_WARN_SUSPICIOUS_MOVE = YES;
				CLANG_WARN_UNGUARDED_AVAILABILITY = YES_AGGRESSIVE;
				CLANG_WARN_UNREACHABLE_CODE = YES;
				CLANG_WARN__DUPLICATE_METHOD_MATCH = YES;
				CODE_SIGN_IDENTITY = "iPhone Developer";
				COPY_PHASE_STRIP = NO;
				DEBUG_INFORMATION_FORMAT = dwarf;
				ENABLE_STRICT_OBJC_MSGSEND = YES;
				ENABLE_TESTABILITY = YES;
				GCC_C_LANGUAGE_STANDARD = gnu11;
				GCC_DYNAMIC_NO_PIC = NO;
				GCC_NO_COMMON_BLOCKS = YES;
				GCC_OPTIMIZATION_LEVEL = 0;
				GCC_PREPROCESSOR_DEFINITIONS = (
					"DEBUG=1",
					"$(inherited)",
				);
				GCC_WARN_64_TO_32_BIT_CONVERSION = YES;
				GCC_WARN_ABOUT_RETURN_TYPE = YES_ERROR;
				GCC_WARN_UNDECLARED_SELECTOR = YES;
				GCC_WARN_UNINITIALIZED_AUTOS = YES_AGGRESSIVE;
				GCC_WARN_UNUSED_FUNCTION = YES;
				GCC_WARN_UNUSED_VARIABLE = YES;
				IPHONEOS_DEPLOYMENT_TARGET = 12.0;
				MTL_ENABLE_DEBUG_INFO = INCLUDE_SOURCE;
				MTL_FAST_MATH = YES;
				ONLY_ACTIVE_ARCH = YES;
				SDKROOT = iphoneos;
				SWIFT_ACTIVE_COMPILATION_CONDITIONS = DEBUG;
				SWIFT_OPTIMIZATION_LEVEL = "-Onone";
			};
			name = Debug;
		};
		232092DF21E772B900EBC3A1 /* Release */ = {
			isa = XCBuildConfiguration;
			buildSettings = {
				ALWAYS_SEARCH_USER_PATHS = NO;
				CLANG_ANALYZER_NONNULL = YES;
				CLANG_ANALYZER_NUMBER_OBJECT_CONVERSION = YES_AGGRESSIVE;
				CLANG_CXX_LANGUAGE_STANDARD = "gnu++14";
				CLANG_CXX_LIBRARY = "libc++";
				CLANG_ENABLE_MODULES = YES;
				CLANG_ENABLE_OBJC_ARC = YES;
				CLANG_ENABLE_OBJC_WEAK = YES;
				CLANG_WARN_BLOCK_CAPTURE_AUTORELEASING = YES;
				CLANG_WARN_BOOL_CONVERSION = YES;
				CLANG_WARN_COMMA = YES;
				CLANG_WARN_CONSTANT_CONVERSION = YES;
				CLANG_WARN_DEPRECATED_OBJC_IMPLEMENTATIONS = YES;
				CLANG_WARN_DIRECT_OBJC_ISA_USAGE = YES_ERROR;
				CLANG_WARN_DOCUMENTATION_COMMENTS = YES;
				CLANG_WARN_EMPTY_BODY = YES;
				CLANG_WARN_ENUM_CONVERSION = YES;
				CLANG_WARN_INFINITE_RECURSION = YES;
				CLANG_WARN_INT_CONVERSION = YES;
				CLANG_WARN_NON_LITERAL_NULL_CONVERSION = YES;
				CLANG_WARN_OBJC_IMPLICIT_RETAIN_SELF = YES;
				CLANG_WARN_OBJC_LITERAL_CONVERSION = YES;
				CLANG_WARN_OBJC_ROOT_CLASS = YES_ERROR;
				CLANG_WARN_RANGE_LOOP_ANALYSIS = YES;
				CLANG_WARN_STRICT_PROTOTYPES = YES;
				CLANG_WARN_SUSPICIOUS_MOVE = YES;
				CLANG_WARN_UNGUARDED_AVAILABILITY = YES_AGGRESSIVE;
				CLANG_WARN_UNREACHABLE_CODE = YES;
				CLANG_WARN__DUPLICATE_METHOD_MATCH = YES;
				CODE_SIGN_IDENTITY = "iPhone Developer";
				COPY_PHASE_STRIP = NO;
				DEBUG_INFORMATION_FORMAT = "dwarf-with-dsym";
				ENABLE_NS_ASSERTIONS = NO;
				ENABLE_STRICT_OBJC_MSGSEND = YES;
				GCC_C_LANGUAGE_STANDARD = gnu11;
				GCC_NO_COMMON_BLOCKS = YES;
				GCC_WARN_64_TO_32_BIT_CONVERSION = YES;
				GCC_WARN_ABOUT_RETURN_TYPE = YES_ERROR;
				GCC_WARN_UNDECLARED_SELECTOR = YES;
				GCC_WARN_UNINITIALIZED_AUTOS = YES_AGGRESSIVE;
				GCC_WARN_UNUSED_FUNCTION = YES;
				GCC_WARN_UNUSED_VARIABLE = YES;
				IPHONEOS_DEPLOYMENT_TARGET = 12.0;
				MTL_ENABLE_DEBUG_INFO = NO;
				MTL_FAST_MATH = YES;
				SDKROOT = iphoneos;
				SWIFT_COMPILATION_MODE = wholemodule;
				SWIFT_OPTIMIZATION_LEVEL = "-O";
				VALIDATE_PRODUCT = YES;
			};
			name = Release;
		};
		232092E121E772B900EBC3A1 /* Debug */ = {
			isa = XCBuildConfiguration;
			buildSettings = {
				ASSETCATALOG_COMPILER_APPICON_NAME = AppIcon;
				CODE_SIGN_STYLE = Automatic;
				INFOPLIST_FILE = "MVVM Demo Courses/Info.plist";
				LD_RUNPATH_SEARCH_PATHS = (
					"$(inherited)",
					"@executable_path/Frameworks",
				);
				PRODUCT_BUNDLE_IDENTIFIER = "www.acuitilabs.com.MVVM-Demo-Courses";
				PRODUCT_NAME = "$(TARGET_NAME)";
				SWIFT_VERSION = 4.2;
				TARGETED_DEVICE_FAMILY = "1,2";
			};
			name = Debug;
		};
		232092E221E772B900EBC3A1 /* Release */ = {
			isa = XCBuildConfiguration;
			buildSettings = {
				ASSETCATALOG_COMPILER_APPICON_NAME = AppIcon;
				CODE_SIGN_STYLE = Automatic;
				INFOPLIST_FILE = "MVVM Demo Courses/Info.plist";
				LD_RUNPATH_SEARCH_PATHS = (
					"$(inherited)",
					"@executable_path/Frameworks",
				);
				PRODUCT_BUNDLE_IDENTIFIER = "www.acuitilabs.com.MVVM-Demo-Courses";
				PRODUCT_NAME = "$(TARGET_NAME)";
				SWIFT_VERSION = 4.2;
				TARGETED_DEVICE_FAMILY = "1,2";
			};
			name = Release;
		};
		232092E421E772B900EBC3A1 /* Debug */ = {
			isa = XCBuildConfiguration;
			buildSettings = {
				ALWAYS_EMBED_SWIFT_STANDARD_LIBRARIES = YES;
				BUNDLE_LOADER = "$(TEST_HOST)";
				CODE_SIGN_STYLE = Automatic;
				INFOPLIST_FILE = "MVVM Demo CoursesTests/Info.plist";
				LD_RUNPATH_SEARCH_PATHS = (
					"$(inherited)",
					"@executable_path/Frameworks",
					"@loader_path/Frameworks",
				);
				PRODUCT_BUNDLE_IDENTIFIER = "www.acuitilabs.com.MVVM-Demo-CoursesTests";
				PRODUCT_NAME = "$(TARGET_NAME)";
				SWIFT_VERSION = 4.2;
				TARGETED_DEVICE_FAMILY = "1,2";
				TEST_HOST = "$(BUILT_PRODUCTS_DIR)/MVVM Demo Courses.app/MVVM Demo Courses";
			};
			name = Debug;
		};
		232092E521E772B900EBC3A1 /* Release */ = {
			isa = XCBuildConfiguration;
			buildSettings = {
				ALWAYS_EMBED_SWIFT_STANDARD_LIBRARIES = YES;
				BUNDLE_LOADER = "$(TEST_HOST)";
				CODE_SIGN_STYLE = Automatic;
				INFOPLIST_FILE = "MVVM Demo CoursesTests/Info.plist";
				LD_RUNPATH_SEARCH_PATHS = (
					"$(inherited)",
					"@executable_path/Frameworks",
					"@loader_path/Frameworks",
				);
				PRODUCT_BUNDLE_IDENTIFIER = "www.acuitilabs.com.MVVM-Demo-CoursesTests";
				PRODUCT_NAME = "$(TARGET_NAME)";
				SWIFT_VERSION = 4.2;
				TARGETED_DEVICE_FAMILY = "1,2";
				TEST_HOST = "$(BUILT_PRODUCTS_DIR)/MVVM Demo Courses.app/MVVM Demo Courses";
			};
			name = Release;
		};
		232092E721E772B900EBC3A1 /* Debug */ = {
			isa = XCBuildConfiguration;
			buildSettings = {
				ALWAYS_EMBED_SWIFT_STANDARD_LIBRARIES = YES;
				CODE_SIGN_STYLE = Automatic;
				INFOPLIST_FILE = "MVVM Demo CoursesUITests/Info.plist";
				LD_RUNPATH_SEARCH_PATHS = (
					"$(inherited)",
					"@executable_path/Frameworks",
					"@loader_path/Frameworks",
				);
				PRODUCT_BUNDLE_IDENTIFIER = "www.acuitilabs.com.MVVM-Demo-CoursesUITests";
				PRODUCT_NAME = "$(TARGET_NAME)";
				SWIFT_VERSION = 4.2;
				TARGETED_DEVICE_FAMILY = "1,2";
				TEST_TARGET_NAME = "MVVM Demo Courses";
			};
			name = Debug;
		};
		232092E821E772B900EBC3A1 /* Release */ = {
			isa = XCBuildConfiguration;
			buildSettings = {
				ALWAYS_EMBED_SWIFT_STANDARD_LIBRARIES = YES;
				CODE_SIGN_STYLE = Automatic;
				INFOPLIST_FILE = "MVVM Demo CoursesUITests/Info.plist";
				LD_RUNPATH_SEARCH_PATHS = (
					"$(inherited)",
					"@executable_path/Frameworks",
					"@loader_path/Frameworks",
				);
				PRODUCT_BUNDLE_IDENTIFIER = "www.acuitilabs.com.MVVM-Demo-CoursesUITests";
				PRODUCT_NAME = "$(TARGET_NAME)";
				SWIFT_VERSION = 4.2;
				TARGETED_DEVICE_FAMILY = "1,2";
				TEST_TARGET_NAME = "MVVM Demo Courses";
			};
			name = Release;
		};
/* End XCBuildConfiguration section */

/* Begin XCConfigurationList section */
		232092B321E772B600EBC3A1 /* Build configuration list for PBXProject "MVVM Demo Courses" */ = {
			isa = XCConfigurationList;
			buildConfigurations = (
				232092DE21E772B900EBC3A1 /* Debug */,
				232092DF21E772B900EBC3A1 /* Release */,
			);
			defaultConfigurationIsVisible = 0;
			defaultConfigurationName = Release;
		};
		232092E021E772B900EBC3A1 /* Build configuration list for PBXNativeTarget "MVVM Demo Courses" */ = {
			isa = XCConfigurationList;
			buildConfigurations = (
				232092E121E772B900EBC3A1 /* Debug */,
				232092E221E772B900EBC3A1 /* Release */,
			);
			defaultConfigurationIsVisible = 0;
			defaultConfigurationName = Release;
		};
		232092E321E772B900EBC3A1 /* Build configuration list for PBXNativeTarget "MVVM Demo CoursesTests" */ = {
			isa = XCConfigurationList;
			buildConfigurations = (
				232092E421E772B900EBC3A1 /* Debug */,
				232092E521E772B900EBC3A1 /* Release */,
			);
			defaultConfigurationIsVisible = 0;
			defaultConfigurationName = Release;
		};
		232092E621E772B900EBC3A1 /* Build configuration list for PBXNativeTarget "MVVM Demo CoursesUITests" */ = {
			isa = XCConfigurationList;
			buildConfigurations = (
				232092E721E772B900EBC3A1 /* Debug */,
				232092E821E772B900EBC3A1 /* Release */,
			);
			defaultConfigurationIsVisible = 0;
			defaultConfigurationName = Release;
		};
/* End XCConfigurationList section */
	};
	rootObject = 232092B021E772B600EBC3A1 /* Project object */;
}
